
Microsoft Visual Studio Solution File, Format Version 12.00
# Visual Studio Version 17
VisualStudioVersion = 17.0.31903.59
MinimumVisualStudioVersion = 10.0.40219.1
Project("{2150E333-8FDC-42A3-9474-1A3956D46DE8}") = "src", "src", "{827E0CD3-B72D-47B6-A68D-7590B98EB39B}"
EndProject
Project("{FAE04EC0-301F-11D3-BF4B-00C04F79EFBC}") = "NexusChat.Api", "src\NexusChat.Api\NexusChat.Api.csproj", "{B9F8C2A7-40F5-4909-81E2-ED0D7B870940}"
EndProject
Project("{FAE04EC0-301F-11D3-BF4B-00C04F79EFBC}") = "NexusChat.Application", "src\NexusChat.Application\NexusChat.Application.csproj", "{988A10A9-E263-4232-97B5-4AAD61CC46AE}"
EndProject
Project("{FAE04EC0-301F-11D3-BF4B-00C04F79EFBC}") = "NexusChat.Domain", "src\NexusChat.Domain\NexusChat.Domain.csproj", "{9BFD46D3-883C-4A19-BD29-9887C459FAA1}"
EndProject
Project("{FAE04EC0-301F-11D3-BF4B-00C04F79EFBC}") = "NexusChat.Infrastructure", "src\NexusChat.Infrastructure\NexusChat.Infrastructure.csproj", "{89692BE8-8990-4341-88FB-701900458FF3}"
EndProject
Global
	GlobalSection(SolutionConfigurationPlatforms) = preSolution
		Debug|Any CPU = Debug|Any CPU
		Debug|x64 = Debug|x64
		Debug|x86 = Debug|x86
		Release|Any CPU = Release|Any CPU
		Release|x64 = Release|x64
		Release|x86 = Release|x86
	EndGlobalSection
	GlobalSection(ProjectConfigurationPlatforms) = postSolution
		{B9F8C2A7-40F5-4909-81E2-ED0D7B870940}.Debug|Any CPU.ActiveCfg = Debug|Any CPU
		{B9F8C2A7-40F5-4909-81E2-ED0D7B870940}.Debug|Any CPU.Build.0 = Debug|Any CPU
		{B9F8C2A7-40F5-4909-81E2-ED0D7B870940}.Debug|x64.ActiveCfg = Debug|Any CPU
		{B9F8C2A7-40F5-4909-81E2-ED0D7B870940}.Debug|x64.Build.0 = Debug|Any CPU
		{B9F8C2A7-40F5-4909-81E2-ED0D7B870940}.Debug|x86.ActiveCfg = Debug|Any CPU
		{B9F8C2A7-40F5-4909-81E2-ED0D7B870940}.Debug|x86.Build.0 = Debug|Any CPU
		{B9F8C2A7-40F5-4909-81E2-ED0D7B870940}.Release|Any CPU.ActiveCfg = Release|Any CPU
		{B9F8C2A7-40F5-4909-81E2-ED0D7B870940}.Release|Any CPU.Build.0 = Release|Any CPU
		{B9F8C2A7-40F5-4909-81E2-ED0D7B870940}.Release|x64.ActiveCfg = Release|Any CPU
		{B9F8C2A7-40F5-4909-81E2-ED0D7B870940}.Release|x64.Build.0 = Release|Any CPU
		{B9F8C2A7-40F5-4909-81E2-ED0D7B870940}.Release|x86.ActiveCfg = Release|Any CPU
		{B9F8C2A7-40F5-4909-81E2-ED0D7B870940}.Release|x86.Build.0 = Release|Any CPU
		{988A10A9-E263-4232-97B5-4AAD61CC46AE}.Debug|Any CPU.ActiveCfg = Debug|Any CPU
		{988A10A9-E263-4232-97B5-4AAD61CC46AE}.Debug|Any CPU.Build.0 = Debug|Any CPU
		{988A10A9-E263-4232-97B5-4AAD61CC46AE}.Debug|x64.ActiveCfg = Debug|Any CPU
		{988A10A9-E263-4232-97B5-4AAD61CC46AE}.Debug|x64.Build.0 = Debug|Any CPU
		{988A10A9-E263-4232-97B5-4AAD61CC46AE}.Debug|x86.ActiveCfg = Debug|Any CPU
		{988A10A9-E263-4232-97B5-4AAD61CC46AE}.Debug|x86.Build.0 = Debug|Any CPU
		{988A10A9-E263-4232-97B5-4AAD61CC46AE}.Release|Any CPU.ActiveCfg = Release|Any CPU
		{988A10A9-E263-4232-97B5-4AAD61CC46AE}.Release|Any CPU.Build.0 = Release|Any CPU
		{988A10A9-E263-4232-97B5-4AAD61CC46AE}.Release|x64.ActiveCfg = Release|Any CPU
		{988A10A9-E263-4232-97B5-4AAD61CC46AE}.Release|x64.Build.0 = Release|Any CPU
		{988A10A9-E263-4232-97B5-4AAD61CC46AE}.Release|x86.ActiveCfg = Release|Any CPU
		{988A10A9-E263-4232-97B5-4AAD61CC46AE}.Release|x86.Build.0 = Release|Any CPU
		{9BFD46D3-883C-4A19-BD29-9887C459FAA1}.Debug|Any CPU.ActiveCfg = Debug|Any CPU
		{9BFD46D3-883C-4A19-BD29-9887C459FAA1}.Debug|Any CPU.Build.0 = Debug|Any CPU
		{9BFD46D3-883C-4A19-BD29-9887C459FAA1}.Debug|x64.ActiveCfg = Debug|Any CPU
		{9BFD46D3-883C-4A19-BD29-9887C459FAA1}.Debug|x64.Build.0 = Debug|Any CPU
		{9BFD46D3-883C-4A19-BD29-9887C459FAA1}.Debug|x86.ActiveCfg = Debug|Any CPU
		{9BFD46D3-883C-4A19-BD29-9887C459FAA1}.Debug|x86.Build.0 = Debug|Any CPU
		{9BFD46D3-883C-4A19-BD29-9887C459FAA1}.Release|Any CPU.ActiveCfg = Release|Any CPU
		{9BFD46D3-883C-4A19-BD29-9887C459FAA1}.Release|Any CPU.Build.0 = Release|Any CPU
		{9BFD46D3-883C-4A19-BD29-9887C459FAA1}.Release|x64.ActiveCfg = Release|Any CPU
		{9BFD46D3-883C-4A19-BD29-9887C459FAA1}.Release|x64.Build.0 = Release|Any CPU
		{9BFD46D3-883C-4A19-BD29-9887C459FAA1}.Release|x86.ActiveCfg = Release|Any CPU
		{9BFD46D3-883C-4A19-BD29-9887C459FAA1}.Release|x86.Build.0 = Release|Any CPU
		{89692BE8-8990-4341-88FB-701900458FF3}.Debug|Any CPU.ActiveCfg = Debug|Any CPU
		{89692BE8-8990-4341-88FB-701900458FF3}.Debug|Any CPU.Build.0 = Debug|Any CPU
		{89692BE8-8990-4341-88FB-701900458FF3}.Debug|x64.ActiveCfg = Debug|Any CPU
		{89692BE8-8990-4341-88FB-701900458FF3}.Debug|x64.Build.0 = Debug|Any CPU
		{89692BE8-8990-4341-88FB-701900458FF3}.Debug|x86.ActiveCfg = Debug|Any CPU
		{89692BE8-8990-4341-88FB-701900458FF3}.Debug|x86.Build.0 = Debug|Any CPU
		{89692BE8-8990-4341-88FB-701900458FF3}.Release|Any CPU.ActiveCfg = Release|Any CPU
		{89692BE8-8990-4341-88FB-701900458FF3}.Release|Any CPU.Build.0 = Release|Any CPU
		{89692BE8-8990-4341-88FB-701900458FF3}.Release|x64.ActiveCfg = Release|Any CPU
		{89692BE8-8990-4341-88FB-701900458FF3}.Release|x64.Build.0 = Release|Any CPU
		{89692BE8-8990-4341-88FB-701900458FF3}.Release|x86.ActiveCfg = Release|Any CPU
		{89692BE8-8990-4341-88FB-701900458FF3}.Release|x86.Build.0 = Release|Any CPU
	EndGlobalSection
	GlobalSection(SolutionProperties) = preSolution
		HideSolutionNode = FALSE
	EndGlobalSection
	GlobalSection(NestedProjects) = preSolution
		{B9F8C2A7-40F5-4909-81E2-ED0D7B870940} = {827E0CD3-B72D-47B6-A68D-7590B98EB39B}
		{988A10A9-E263-4232-97B5-4AAD61CC46AE} = {827E0CD3-B72D-47B6-A68D-7590B98EB39B}
		{9BFD46D3-883C-4A19-BD29-9887C459FAA1} = {827E0CD3-B72D-47B6-A68D-7590B98EB39B}
		{89692BE8-8990-4341-88FB-701900458FF3} = {827E0CD3-B72D-47B6-A68D-7590B98EB39B}
	EndGlobalSection
EndGlobal
